// !$*UTF8*$!
{
	archiveVersion = 1;
	classes = {
	};
	objectVersion = 46;
	objects = {

/* Begin PBXBuildFile section */
		A915142D1AA8F406008E5E07 /* BEPiDSetor.m in Sources */ = {isa = PBXBuildFile; fileRef = A915142C1AA8F406008E5E07 /* BEPiDSetor.m */; };
		A95F2B681AA4DB7C0056FEBE /* main.m in Sources */ = {isa = PBXBuildFile; fileRef = A95F2B671AA4DB7C0056FEBE /* main.m */; };
		A95F2B701AA4DC2C0056FEBE /* BEPiDFuncionario.m in Sources */ = {isa = PBXBuildFile; fileRef = A95F2B6F1AA4DC2C0056FEBE /* BEPiDFuncionario.m */; };
		A95F2B731AA4DCD60056FEBE /* BEPiDEmpresa.m in Sources */ = {isa = PBXBuildFile; fileRef = A95F2B721AA4DCD60056FEBE /* BEPiDEmpresa.m */; };
		A95F2B761AA626800056FEBE /* BEPiDCarro.m in Sources */ = {isa = PBXBuildFile; fileRef = A95F2B751AA626800056FEBE /* BEPiDCarro.m */; };
/* End PBXBuildFile section */

/* Begin PBXCopyFilesBuildPhase section */
		A95F2B621AA4DB7C0056FEBE /* CopyFiles */ = {
			isa = PBXCopyFilesBuildPhase;
			buildActionMask = 2147483647;
			dstPath = /usr/share/man/man1/;
			dstSubfolderSpec = 0;
			files = (
			);
			runOnlyForDeploymentPostprocessing = 1;
		};
/* End PBXCopyFilesBuildPhase section */

/* Begin PBXFileReference section */
		A915142B1AA8F406008E5E07 /* BEPiDSetor.h */ = {isa = PBXFileReference; fileEncoding = 4; lastKnownFileType = sourcecode.c.h; path = BEPiDSetor.h; sourceTree = "<group>"; };
		A915142C1AA8F406008E5E07 /* BEPiDSetor.m */ = {isa = PBXFileReference; fileEncoding = 4; lastKnownFileType = sourcecode.c.objc; path = BEPiDSetor.m; sourceTree = "<group>"; };
		A95F2B641AA4DB7C0056FEBE /* DesafioNSArrayClasse */ = {isa = PBXFileReference; explicitFileType = "compiled.mach-o.executable"; includeInIndex = 0; path = DesafioNSArrayClasse; sourceTree = BUILT_PRODUCTS_DIR; };
		A95F2B671AA4DB7C0056FEBE /* main.m */ = {isa = PBXFileReference; lastKnownFileType = sourcecode.c.objc; path = main.m; sourceTree = "<group>"; };
		A95F2B6E1AA4DC2C0056FEBE /* BEPiDFuncionario.h */ = {isa = PBXFileReference; fileEncoding = 4; lastKnownFileType = sourcecode.c.h; path = BEPiDFuncionario.h; sourceTree = "<group>"; };
		A95F2B6F1AA4DC2C0056FEBE /* BEPiDFuncionario.m */ = {isa = PBXFileReference; fileEncoding = 4; lastKnownFileType = sourcecode.c.objc; path = BEPiDFuncionario.m; sourceTree = "<group>"; };
		A95F2B711AA4DCD60056FEBE /* BEPiDEmpresa.h */ = {isa = PBXFileReference; fileEncoding = 4; lastKnownFileType = sourcecode.c.h; path = BEPiDEmpresa.h; sourceTree = "<group>"; };
		A95F2B721AA4DCD60056FEBE /* BEPiDEmpresa.m */ = {isa = PBXFileReference; fileEncoding = 4; lastKnownFileType = sourcecode.c.objc; path = BEPiDEmpresa.m; sourceTree = "<group>"; };
		A95F2B741AA626800056FEBE /* BEPiDCarro.h */ = {isa = PBXFileReference; fileEncoding = 4; lastKnownFileType = sourcecode.c.h; path = BEPiDCarro.h; sourceTree = "<group>"; };
		A95F2B751AA626800056FEBE /* BEPiDCarro.m */ = {isa = PBXFileReference; fileEncoding = 4; lastKnownFileType = sourcecode.c.objc; path = BEPiDCarro.m; sourceTree = "<group>"; };
/* End PBXFileReference section */

/* Begin PBXFrameworksBuildPhase section */
		A95F2B611AA4DB7C0056FEBE /* Frameworks */ = {
			isa = PBXFrameworksBuildPhase;
			buildActionMask = 2147483647;
			files = (
			);
			runOnlyForDeploymentPostprocessing = 0;
		};
/* End PBXFrameworksBuildPhase section */

/* Begin PBXGroup section */
		A95F2B5B1AA4DB7C0056FEBE = {
			isa = PBXGroup;
			children = (
				A95F2B661AA4DB7C0056FEBE /* DesafioNSArrayClasse */,
				A95F2B651AA4DB7C0056FEBE /* Products */,
			);
			sourceTree = "<group>";
		};
		A95F2B651AA4DB7C0056FEBE /* Products */ = {
			isa = PBXGroup;
			children = (
				A95F2B641AA4DB7C0056FEBE /* DesafioNSArrayClasse */,
			);
			name = Products;
			sourceTree = "<group>";
		};
		A95F2B661AA4DB7C0056FEBE /* DesafioNSArrayClasse */ = {
			isa = PBXGroup;
			children = (
				A95F2B671AA4DB7C0056FEBE /* main.m */,
				A915142B1AA8F406008E5E07 /* BEPiDSetor.h */,
				A915142C1AA8F406008E5E07 /* BEPiDSetor.m */,
				A95F2B741AA626800056FEBE /* BEPiDCarro.h */,
				A95F2B751AA626800056FEBE /* BEPiDCarro.m */,
				A95F2B6E1AA4DC2C0056FEBE /* BEPiDFuncionario.h */,
				A95F2B6F1AA4DC2C0056FEBE /* BEPiDFuncionario.m */,
				A95F2B711AA4DCD60056FEBE /* BEPiDEmpresa.h */,
				A95F2B721AA4DCD60056FEBE /* BEPiDEmpresa.m */,
			);
			path = DesafioNSArrayClasse;
			sourceTree = "<group>";
		};
/* End PBXGroup section */

/* Begin PBXNativeTarget section */
		A95F2B631AA4DB7C0056FEBE /* DesafioNSArrayClasse */ = {
			isa = PBXNativeTarget;
			buildConfigurationList = A95F2B6B1AA4DB7C0056FEBE /* Build configuration list for PBXNativeTarget "DesafioNSArrayClasse" */;
			buildPhases = (
				A95F2B601AA4DB7C0056FEBE /* Sources */,
				A95F2B611AA4DB7C0056FEBE /* Frameworks */,
				A95F2B621AA4DB7C0056FEBE /* CopyFiles */,
			);
			buildRules = (
			);
			dependencies = (
			);
			name = DesafioNSArrayClasse;
			productName = DesafioNSArrayClasse;
			productReference = A95F2B641AA4DB7C0056FEBE /* DesafioNSArrayClasse */;
			productType = "com.apple.product-type.tool";
		};
/* End PBXNativeTarget section */

/* Begin PBXProject section */
		A95F2B5C1AA4DB7C0056FEBE /* Project object */ = {
			isa = PBXProject;
			attributes = {
				LastUpgradeCheck = 0620;
				ORGANIZATIONNAME = "Ian Ferreira dos Santos";
				TargetAttributes = {
					A95F2B631AA4DB7C0056FEBE = {
						CreatedOnToolsVersion = 6.2;
					};
				};
			};
			buildConfigurationList = A95F2B5F1AA4DB7C0056FEBE /* Build configuration list for PBXProject "DesafioNSArrayClasse" */;
			compatibilityVersion = "Xcode 3.2";
			developmentRegion = English;
			hasScannedForEncodings = 0;
			knownRegions = (
				en,
			);
			mainGroup = A95F2B5B1AA4DB7C0056FEBE;
			productRefGroup = A95F2B651AA4DB7C0056FEBE /* Products */;
			projectDirPath = "";
			projectRoot = "";
			targets = (
				A95F2B631AA4DB7C0056FEBE /* DesafioNSArrayClasse */,
			);
		};
/* End PBXProject section */

/* Begin PBXSourcesBuildPhase section */
		A95F2B601AA4DB7C0056FEBE /* Sources */ = {
			isa = PBXSourcesBuildPhase;
			buildActionMask = 2147483647;
			files = (
				A95F2B731AA4DCD60056FEBE /* BEPiDEmpresa.m in Sources */,
				A915142D1AA8F406008E5E07 /* BEPiDSetor.m in Sources */,
				A95F2B701AA4DC2C0056FEBE /* BEPiDFuncionario.m in Sources */,
				A95F2B761AA626800056FEBE /* BEPiDCarro.m in Sources */,
				A95F2B681AA4DB7C0056FEBE /* main.m in Sources */,
			);
			runOnlyForDeploymentPostprocessing = 0;
		};
/* End PBXSourcesBuildPhase section */

/* Begin XCBuildConfiguration section */
		A95F2B691AA4DB7C0056FEBE /* Debug */ = {
			isa = XCBuildConfiguration;
			buildSettings = {
				ALWAYS_SEARCH_USER_PATHS = NO;
				CLANG_CXX_LANGUAGE_STANDARD = "gnu++0x";
				CLANG_CXX_LIBRARY = "libc++";
				CLANG_ENABLE_MODULES = YES;
				CLANG_ENABLE_OBJC_ARC = YES;
				CLANG_WARN_BOOL_CONVERSION = YES;
				CLANG_WARN_CONSTANT_CONVERSION = YES;
				CLANG_WARN_DIRECT_OBJC_ISA_USAGE = YES_ERROR;
				CLANG_WARN_EMPTY_BODY = YES;
				CLANG_WARN_ENUM_CONVERSION = YES;
				CLANG_WARN_INT_CONVERSION = YES;
				CLANG_WARN_OBJC_ROOT_CLASS = YES_ERROR;
				CLANG_WARN_UNREACHABLE_CODE = YES;
				CLANG_WARN__DUPLICATE_METHOD_MATCH = YES;
				COPY_PHASE_STRIP = NO;
				ENABLE_STRICT_OBJC_MSGSEND = YES;
				GCC_C_LANGUAGE_STANDARD = gnu99;
				GCC_DYNAMIC_NO_PIC = NO;
				GCC_OPTIMIZATION_LEVEL = 0;
				GCC_PREPROCESSOR_DEFINITIONS = (
					"DEBUG=1",
					"$(inherited)",
				);
				GCC_SYMBOLS_PRIVATE_EXTERN = NO;
				GCC_WARN_64_TO_32_BIT_CONVERSION = YES;
				GCC_WARN_ABOUT_RETURN_TYPE = YES_ERROR;
				GCC_WARN_UNDECLARED_SELECTOR = YES;
				GCC_WARN_UNINITIALIZED_AUTOS = YES_AGGRESSIVE;
				GCC_WARN_UNUSED_FUNCTION = YES;
				GCC_WARN_UNUSED_VARIABLE = YES;
				MACOSX_DEPLOYMENT_TARGET = 10.10;
				MTL_ENABLE_DEBUG_INFO = YES;
				ONLY_ACTIVE_ARCH = YES;
				SDKROOT = macosx;
			};
			name = Debug;
		};
		A95F2B6A1AA4DB7C0056FEBE /* Release */ = {
			isa = XCBuildConfiguration;
			buildSettings = {
				ALWAYS_SEARCH_USER_PATHS = NO;
				CLANG_CXX_LANGUAGE_STANDARD = "gnu++0x";
				CLANG_CXX_LIBRARY = "libc++";
				CLANG_ENABLE_MODULES = YES;
				CLANG_ENABLE_OBJC_ARC = YES;
				CLANG_WARN_BOOL_CONVERSION = YES;
				CLANG_WARN_CONSTANT_CONVERSION = YES;
				CLANG_WARN_DIRECT_OBJC_ISA_USAGE = YES_ERROR;
				CLANG_WARN_EMPTY_BODY = YES;
				CLANG_WARN_ENUM_CONVERSION = YES;
				CLANG_WARN_INT_CONVERSION = YES;
				CLANG_WARN_OBJC_ROOT_CLASS = YES_ERROR;
				CLANG_WARN_UNREACHABLE_CODE = YES;
				CLANG_WARN__DUPLICATE_METHOD_MATCH = YES;
				COPY_PHASE_STRIP = NO;
				DEBUG_INFORMATION_FORMAT = "dwarf-with-dsym";
				ENABLE_NS_ASSERTIONS = NO;
				ENABLE_STRICT_OBJC_MSGSEND = YES;
				GCC_C_LANGUAGE_STANDARD = gnu99;
				GCC_WARN_64_TO_32_BIT_CONVERSION = YES;
				GCC_WARN_ABOUT_RETURN_TYPE = YES_ERROR;
				GCC_WARN_UNDECLARED_SELECTOR = YES;
				GCC_WARN_UNINITIALIZED_AUTOS = YES_AGGRESSIVE;
				GCC_WARN_UNUSED_FUNCTION = YES;
				GCC_WARN_UNUSED_VARIABLE = YES;
				MACOSX_DEPLOYMENT_TARGET = 10.10;
				MTL_ENABLE_DEBUG_INFO = NO;
				SDKROOT = macosx;
			};
			name = Release;
		};
		A95F2B6C1AA4DB7C0056FEBE /* Debug */ = {
			isa = XCBuildConfiguration;
			buildSettings = {
				PRODUCT_NAME = "$(TARGET_NAME)";
			};
			name = Debug;
		};
		A95F2B6D1AA4DB7C0056FEBE /* Release */ = {
			isa = XCBuildConfiguration;
			buildSettings = {
				PRODUCT_NAME = "$(TARGET_NAME)";
			};
			name = Release;
		};
/* End XCBuildConfiguration section */

/* Begin XCConfigurationList section */
		A95F2B5F1AA4DB7C0056FEBE /* Build configuration list for PBXProject "DesafioNSArrayClasse" */ = {
			isa = XCConfigurationList;
			buildConfigurations = (
				A95F2B691AA4DB7C0056FEBE /* Debug */,
				A95F2B6A1AA4DB7C0056FEBE /* Release */,
			);
			defaultConfigurationIsVisible = 0;
			defaultConfigurationName = Release;
		};
		A95F2B6B1AA4DB7C0056FEBE /* Build configuration list for PBXNativeTarget "DesafioNSArrayClasse" */ = {
			isa = XCConfigurationList;
			buildConfigurations = (
				A95F2B6C1AA4DB7C0056FEBE /* Debug */,
				A95F2B6D1AA4DB7C0056FEBE /* Release */,
			);
			defaultConfigurationIsVisible = 0;
			defaultConfigurationName = Release;
		};
/* End XCConfigurationList section */
	};
	rootObject = A95F2B5C1AA4DB7C0056FEBE /* Project object */;
}
